
Microsoft Visual Studio Solution File, Format Version 12.00
# Visual Studio Version 16
VisualStudioVersion = 16.0.28803.352
MinimumVisualStudioVersion = 10.0.40219.1
Project("{9A19103F-16F7-4668-BE54-9A1E7A4F7556}") = "TweetBook", "TweetBook\TweetBook.csproj", "{285BADAD-8A3D-411E-B03B-43AB51034228}"
EndProject
Project("{FAE04EC0-301F-11D3-BF4B-00C04F79EFBC}") = "TweetBook.IntegrationTest", "TweetBook.IntegrationTest\TweetBook.IntegrationTest.csproj", "{7A53583F-EFDD-44FC-94A2-BB2BB889E57B}"
EndProject
Global
	GlobalSection(SolutionConfigurationPlatforms) = preSolution
		Debug|Any CPU = Debug|Any CPU
		Release|Any CPU = Release|Any CPU
	EndGlobalSection
	GlobalSection(ProjectConfigurationPlatforms) = postSolution
		{285BADAD-8A3D-411E-B03B-43AB51034228}.Debug|Any CPU.ActiveCfg = Debug|Any CPU
		{285BADAD-8A3D-411E-B03B-43AB51034228}.Debug|Any CPU.Build.0 = Debug|Any CPU
		{285BADAD-8A3D-411E-B03B-43AB51034228}.Release|Any CPU.ActiveCfg = Release|Any CPU
		{285BADAD-8A3D-411E-B03B-43AB51034228}.Release|Any CPU.Build.0 = Release|Any CPU
		{7A53583F-EFDD-44FC-94A2-BB2BB889E57B}.Debug|Any CPU.ActiveCfg = Debug|Any CPU
		{7A53583F-EFDD-44FC-94A2-BB2BB889E57B}.Debug|Any CPU.Build.0 = Debug|Any CPU
		{7A53583F-EFDD-44FC-94A2-BB2BB889E57B}.Release|Any CPU.ActiveCfg = Release|Any CPU
		{7A53583F-EFDD-44FC-94A2-BB2BB889E57B}.Release|Any CPU.Build.0 = Release|Any CPU
	EndGlobalSection
	GlobalSection(SolutionProperties) = preSolution
		HideSolutionNode = FALSE
	EndGlobalSection
	GlobalSection(ExtensibilityGlobals) = postSolution
		SolutionGuid = {4FD7B41F-CB6B-4BA7-9BDD-FBF1301665D1}
	EndGlobalSection
EndGlobal
